
Microsoft Visual Studio Solution File, Format Version 12.00
# Visual Studio Version 16
VisualStudioVersion = 16.0.29424.173
MinimumVisualStudioVersion = 10.0.40219.1
Project("{FAE04EC0-301F-11D3-BF4B-00C04F79EFBC}") = "CashCardApp", "CashCardApp\CashCardApp.csproj", "{E48F531E-88D0-45D7-90E5-83474B0B4AED}"
EndProject
Global
	GlobalSection(SolutionConfigurationPlatforms) = preSolution
		Debug|Any CPU = Debug|Any CPU
		Release|Any CPU = Release|Any CPU
	EndGlobalSection
	GlobalSection(ProjectConfigurationPlatforms) = postSolution
		{E48F531E-88D0-45D7-90E5-83474B0B4AED}.Debug|Any CPU.ActiveCfg = Debug|Any CPU
		{E48F531E-88D0-45D7-90E5-83474B0B4AED}.Debug|Any CPU.Build.0 = Debug|Any CPU
		{E48F531E-88D0-45D7-90E5-83474B0B4AED}.Release|Any CPU.ActiveCfg = Release|Any CPU
		{E48F531E-88D0-45D7-90E5-83474B0B4AED}.Release|Any CPU.Build.0 = Release|Any CPU
	EndGlobalSection
	GlobalSection(SolutionProperties) = preSolution
		HideSolutionNode = FALSE
	EndGlobalSection
	GlobalSection(ExtensibilityGlobals) = postSolution
		SolutionGuid = {19A2BAB4-AE09-45DC-9450-4554245EDF67}
	EndGlobalSection
EndGlobal
