
Microsoft Visual Studio Solution File, Format Version 12.00
# Visual Studio Version 16
VisualStudioVersion = 16.0.29613.14
MinimumVisualStudioVersion = 10.0.40219.1
Project("{FAE04EC0-301F-11D3-BF4B-00C04F79EFBC}") = "PosApp", "PosApp\PosApp.csproj", "{0A6CC6EA-C6F0-4CE4-931B-CDB7E9D7584F}"
EndProject
Global
	GlobalSection(SolutionConfigurationPlatforms) = preSolution
		Debug|Any CPU = Debug|Any CPU
		Release|Any CPU = Release|Any CPU
	EndGlobalSection
	GlobalSection(ProjectConfigurationPlatforms) = postSolution
		{0A6CC6EA-C6F0-4CE4-931B-CDB7E9D7584F}.Debug|Any CPU.ActiveCfg = Debug|Any CPU
		{0A6CC6EA-C6F0-4CE4-931B-CDB7E9D7584F}.Debug|Any CPU.Build.0 = Debug|Any CPU
		{0A6CC6EA-C6F0-4CE4-931B-CDB7E9D7584F}.Release|Any CPU.ActiveCfg = Release|Any CPU
		{0A6CC6EA-C6F0-4CE4-931B-CDB7E9D7584F}.Release|Any CPU.Build.0 = Release|Any CPU
	EndGlobalSection
	GlobalSection(SolutionProperties) = preSolution
		HideSolutionNode = FALSE
	EndGlobalSection
	GlobalSection(ExtensibilityGlobals) = postSolution
		SolutionGuid = {DFC2ED02-8A8B-43BC-B1C8-7CCAD319C157}
	EndGlobalSection
EndGlobal
