
Microsoft Visual Studio Solution File, Format Version 12.00
# Visual Studio Version 16
VisualStudioVersion = 16.0.29709.97
MinimumVisualStudioVersion = 10.0.40219.1
Project("{FAE04EC0-301F-11D3-BF4B-00C04F79EFBC}") = "BookApp", "BookApp\BookApp.csproj", "{C1A09C49-F39D-42A3-9179-18C554585202}"
EndProject
Global
	GlobalSection(SolutionConfigurationPlatforms) = preSolution
		Debug|Any CPU = Debug|Any CPU
		Release|Any CPU = Release|Any CPU
	EndGlobalSection
	GlobalSection(ProjectConfigurationPlatforms) = postSolution
		{C1A09C49-F39D-42A3-9179-18C554585202}.Debug|Any CPU.ActiveCfg = Debug|Any CPU
		{C1A09C49-F39D-42A3-9179-18C554585202}.Debug|Any CPU.Build.0 = Debug|Any CPU
		{C1A09C49-F39D-42A3-9179-18C554585202}.Release|Any CPU.ActiveCfg = Release|Any CPU
		{C1A09C49-F39D-42A3-9179-18C554585202}.Release|Any CPU.Build.0 = Release|Any CPU
	EndGlobalSection
	GlobalSection(SolutionProperties) = preSolution
		HideSolutionNode = FALSE
	EndGlobalSection
	GlobalSection(ExtensibilityGlobals) = postSolution
		SolutionGuid = {EBE7CE43-BCAB-45FF-94F9-C1EABEF0FCF2}
	EndGlobalSection
EndGlobal
