
Microsoft Visual Studio Solution File, Format Version 12.00
# Visual Studio Version 16
VisualStudioVersion = 16.0.29409.12
MinimumVisualStudioVersion = 10.0.40219.1
Project("{FAE04EC0-301F-11D3-BF4B-00C04F79EFBC}") = "weel 1 - NRIC", "weel 1 - NRIC\weel 1 - NRIC.csproj", "{F3C4FB64-55E7-40F0-A9D3-8DDC71C7CA76}"
EndProject
Global
	GlobalSection(SolutionConfigurationPlatforms) = preSolution
		Debug|Any CPU = Debug|Any CPU
		Release|Any CPU = Release|Any CPU
	EndGlobalSection
	GlobalSection(ProjectConfigurationPlatforms) = postSolution
		{F3C4FB64-55E7-40F0-A9D3-8DDC71C7CA76}.Debug|Any CPU.ActiveCfg = Debug|Any CPU
		{F3C4FB64-55E7-40F0-A9D3-8DDC71C7CA76}.Debug|Any CPU.Build.0 = Debug|Any CPU
		{F3C4FB64-55E7-40F0-A9D3-8DDC71C7CA76}.Release|Any CPU.ActiveCfg = Release|Any CPU
		{F3C4FB64-55E7-40F0-A9D3-8DDC71C7CA76}.Release|Any CPU.Build.0 = Release|Any CPU
	EndGlobalSection
	GlobalSection(SolutionProperties) = preSolution
		HideSolutionNode = FALSE
	EndGlobalSection
	GlobalSection(ExtensibilityGlobals) = postSolution
		SolutionGuid = {44524CF7-7ADE-4D4E-9CC5-34BB884B7E38}
	EndGlobalSection
EndGlobal
