
Microsoft Visual Studio Solution File, Format Version 12.00
# Visual Studio Version 16
VisualStudioVersion = 16.0.29709.97
MinimumVisualStudioVersion = 10.0.40219.1
Project("{FAE04EC0-301F-11D3-BF4B-00C04F79EFBC}") = "CarParkAvailabilityApp", "CarParkAvailabilityApp\CarParkAvailabilityApp.csproj", "{DB0E011D-EB02-42CB-91F8-5DDD1BDDA465}"
EndProject
Global
	GlobalSection(SolutionConfigurationPlatforms) = preSolution
		Debug|Any CPU = Debug|Any CPU
		Release|Any CPU = Release|Any CPU
	EndGlobalSection
	GlobalSection(ProjectConfigurationPlatforms) = postSolution
		{DB0E011D-EB02-42CB-91F8-5DDD1BDDA465}.Debug|Any CPU.ActiveCfg = Debug|Any CPU
		{DB0E011D-EB02-42CB-91F8-5DDD1BDDA465}.Debug|Any CPU.Build.0 = Debug|Any CPU
		{DB0E011D-EB02-42CB-91F8-5DDD1BDDA465}.Release|Any CPU.ActiveCfg = Release|Any CPU
		{DB0E011D-EB02-42CB-91F8-5DDD1BDDA465}.Release|Any CPU.Build.0 = Release|Any CPU
	EndGlobalSection
	GlobalSection(SolutionProperties) = preSolution
		HideSolutionNode = FALSE
	EndGlobalSection
	GlobalSection(ExtensibilityGlobals) = postSolution
		SolutionGuid = {3910B2B1-82D4-4B4C-B86E-29B7D0CD0C2C}
	EndGlobalSection
EndGlobal
