
Microsoft Visual Studio Solution File, Format Version 12.00
# Visual Studio Version 16
VisualStudioVersion = 16.0.29509.3
MinimumVisualStudioVersion = 10.0.40219.1
Project("{FAE04EC0-301F-11D3-BF4B-00C04F79EFBC}") = "CustomerApp_S10198161", "CustomerApp_S10198161\CustomerApp_S10198161.csproj", "{32F2FA3B-9213-41E3-9D16-2E42EDDEF5EC}"
EndProject
Global
	GlobalSection(SolutionConfigurationPlatforms) = preSolution
		Debug|Any CPU = Debug|Any CPU
		Release|Any CPU = Release|Any CPU
	EndGlobalSection
	GlobalSection(ProjectConfigurationPlatforms) = postSolution
		{32F2FA3B-9213-41E3-9D16-2E42EDDEF5EC}.Debug|Any CPU.ActiveCfg = Debug|Any CPU
		{32F2FA3B-9213-41E3-9D16-2E42EDDEF5EC}.Debug|Any CPU.Build.0 = Debug|Any CPU
		{32F2FA3B-9213-41E3-9D16-2E42EDDEF5EC}.Release|Any CPU.ActiveCfg = Release|Any CPU
		{32F2FA3B-9213-41E3-9D16-2E42EDDEF5EC}.Release|Any CPU.Build.0 = Release|Any CPU
	EndGlobalSection
	GlobalSection(SolutionProperties) = preSolution
		HideSolutionNode = FALSE
	EndGlobalSection
	GlobalSection(ExtensibilityGlobals) = postSolution
		SolutionGuid = {9261824C-EC42-4C7B-8BFD-D1DF44CC4D3E}
	EndGlobalSection
EndGlobal
